
Microsoft Visual Studio Solution File, Format Version 12.00
Project("{FAE04EC0-301F-11D3-BF4B-00C04F79EFBC}") = "Day8", "Day8.csproj", "{DF54A758-0290-4611-A2C3-9A862FF70E45}"
EndProject
Global
	GlobalSection(SolutionConfigurationPlatforms) = preSolution
		Debug|Any CPU = Debug|Any CPU
		Release|Any CPU = Release|Any CPU
	EndGlobalSection
	GlobalSection(ProjectConfigurationPlatforms) = postSolution
		{DF54A758-0290-4611-A2C3-9A862FF70E45}.Debug|Any CPU.ActiveCfg = Debug|Any CPU
		{DF54A758-0290-4611-A2C3-9A862FF70E45}.Debug|Any CPU.Build.0 = Debug|Any CPU
		{DF54A758-0290-4611-A2C3-9A862FF70E45}.Release|Any CPU.ActiveCfg = Release|Any CPU
		{DF54A758-0290-4611-A2C3-9A862FF70E45}.Release|Any CPU.Build.0 = Release|Any CPU
	EndGlobalSection
EndGlobal
